PODS:
  - Flutter (1.0.0)
  - Google-Mobile-Ads-SDK (7.52.0):
    - GoogleAppMeasurement (~> 6.0)
  - GoogleAppMeasurement (6.9.0):
    - GoogleUtilities/AppDelegateSwizzler (~> 6.7)
    - GoogleUtilities/MethodSwizzler (~> 6.7)
    - GoogleUtilities/Network (~> 6.7)
    - "GoogleUtilities/NSData+zlib (~> 6.7)"
    - nanopb (~> 1.30906.0)
  - GoogleUtilities/AppDelegateSwizzler (6.7.2):
    - GoogleUtilities/Environment
    - GoogleUtilities/Logger
    - GoogleUtilities/Network
  - GoogleUtilities/Environment (6.7.2):
    - PromisesObjC (~> 1.2)
  - GoogleUtilities/Logger (6.7.2):
    - GoogleUtilities/Environment
  - GoogleUtilities/MethodSwizzler (6.7.2):
    - GoogleUtilities/Logger
  - GoogleUtilities/Network (6.7.2):
    - GoogleUtilities/Logger
    - "GoogleUtilities/NSData+zlib"
    - GoogleUtilities/Reachability
  - "GoogleUtilities/NSData+zlib (6.7.2)"
  - GoogleUtilities/Reachability (6.7.2):
    - GoogleUtilities/Logger
  - MoPub-AdMob-Adapters (7.52.0.3):
    - MoPub-AdMob-Adapters/MoPub (= 7.52.0.3)
    - MoPub-AdMob-Adapters/Network (= 7.52.0.3)
  - MoPub-AdMob-Adapters/MoPub (7.52.0.3):
    - mopub-ios-sdk/Core (~> 5.8)
  - MoPub-AdMob-Adapters/Network (7.52.0.3):
    - Google-Mobile-Ads-SDK (= 7.52.0)
    - mopub-ios-sdk/Core (~> 5.8)
  - mopub-ios-sdk (5.12.1):
    - mopub-ios-sdk/MoPubSDK (= 5.12.1)
  - mopub-ios-sdk/Avid (5.12.1):
    - mopub-ios-sdk/Core
  - mopub-ios-sdk/Core (5.12.1)
  - mopub-ios-sdk/Moat (5.12.1):
    - mopub-ios-sdk/Core
  - mopub-ios-sdk/MoPubSDK (5.12.1):
    - mopub-ios-sdk/Avid
    - mopub-ios-sdk/Core
    - mopub-ios-sdk/Moat
    - mopub-ios-sdk/NativeAds
  - mopub-ios-sdk/NativeAds (5.12.1):
    - mopub-ios-sdk/Core
  - mopub_flutter (1.1.1):
    - Flutter
    - MoPub-AdMob-Adapters
    - mopub-ios-sdk
  - nanopb (1.30906.0):
    - nanopb/decode (= 1.30906.0)
    - nanopb/encode (= 1.30906.0)
  - nanopb/decode (1.30906.0)
  - nanopb/encode (1.30906.0)
  - PromisesObjC (1.2.12)

DEPENDENCIES:
  - Flutter (from `Flutter`)
  - mopub_flutter (from `.symlinks/plugins/mopub_flutter/ios`)

SPEC REPOS:
  trunk:
    - Google-Mobile-Ads-SDK
    - GoogleAppMeasurement
    - GoogleUtilities
    - MoPub-AdMob-Adapters
    - mopub-ios-sdk
    - nanopb
    - PromisesObjC

EXTERNAL SOURCES:
  Flutter:
    :path: Flutter
  mopub_flutter:
    :path: ".symlinks/plugins/mopub_flutter/ios"

SPEC CHECKSUMS:
  Flutter: 434fef37c0980e73bb6479ef766c45957d4b510c
  Google-Mobile-Ads-SDK: 62f6244637306cb60a1b4adda067f53224c7a860
  GoogleAppMeasurement: a6a3a066369828db64eda428cb2856dc1cdc7c4e
  GoogleUtilities: 7f2f5a07f888cdb145101d6042bc4422f57e70b3
  MoPub-AdMob-Adapters: c912869ef4ca8fa4e55521a3a86ef7903ffea758
  mopub-ios-sdk: d1640225b34ad74700e2acddb116cac634fc45d8
  mopub_flutter: f9908a60a659d1b22024c6e8d64d7da43edefaa6
  nanopb: 59317e09cf1f1a0af72f12af412d54edf52603fc
  PromisesObjC: 3113f7f76903778cf4a0586bd1ab89329a0b7b97

PODFILE CHECKSUM: f19263b5b43d9ca6b2eade7a1da66a4318d61116

COCOAPODS: 1.10.1
