PODS:
  - Flutter (1.0.0)
  - mopub-ios-sdk (5.18.2):
    - mopub-ios-sdk/MoPubSDK (= 5.18.2)
  - mopub-ios-sdk/Core (5.18.2)
  - mopub-ios-sdk/MoPubSDK (5.18.2):
    - mopub-ios-sdk/Core
    - mopub-ios-sdk/NativeAds
  - mopub-ios-sdk/NativeAds (5.18.2):
    - mopub-ios-sdk/Core
  - mopub_flutter (1.1.1):
    - Flutter
    - mopub-ios-sdk

DEPENDENCIES:
  - Flutter (from `Flutter`)
  - mopub_flutter (from `.symlinks/plugins/mopub_flutter/ios`)

SPEC REPOS:
  trunk:
    - mopub-ios-sdk

EXTERNAL SOURCES:
  Flutter:
    :path: Flutter
  mopub_flutter:
    :path: ".symlinks/plugins/mopub_flutter/ios"

SPEC CHECKSUMS:
  Flutter: 50d75fe2f02b26cc09d224853bb45737f8b3214a
  mopub-ios-sdk: 39dd404dc791e543979b91aa8e3b27197af91377
  mopub_flutter: 16d71974646396c2dc4e3578516302d1e1ec94b5

PODFILE CHECKSUM: e610416ccd5c158c37ba61afa4f6c282d3f9aa49

COCOAPODS: 1.11.2
